
Microsoft Visual Studio Solution File, Format Version 12.00
# Visual Studio Version 16
VisualStudioVersion = 16.0.31613.86
MinimumVisualStudioVersion = 10.0.40219.1
Project("{FAE04EC0-301F-11D3-BF4B-00C04F79EFBC}") = "LinkedLists.Main", "LinkedLists.Main\LinkedLists.Main.csproj", "{3EE44DA5-A082-4872-A6E9-6DD93B0B04CC}"
EndProject
Project("{FAE04EC0-301F-11D3-BF4B-00C04F79EFBC}") = "LinkedListsProject", "LinkedListsProject\LinkedListsProject.csproj", "{450AF26D-195E-492F-BE55-11F2B66D7082}"
EndProject
Project("{FAE04EC0-301F-11D3-BF4B-00C04F79EFBC}") = "LinkedLists.Test", "LinkedLists.Test\LinkedLists.Test.csproj", "{DB45530D-D0A8-4D61-8B81-78A093FFFF61}"
EndProject
Global
	GlobalSection(SolutionConfigurationPlatforms) = preSolution
		Debug|Any CPU = Debug|Any CPU
		Release|Any CPU = Release|Any CPU
	EndGlobalSection
	GlobalSection(ProjectConfigurationPlatforms) = postSolution
		{3EE44DA5-A082-4872-A6E9-6DD93B0B04CC}.Debug|Any CPU.ActiveCfg = Debug|Any CPU
		{3EE44DA5-A082-4872-A6E9-6DD93B0B04CC}.Debug|Any CPU.Build.0 = Debug|Any CPU
		{3EE44DA5-A082-4872-A6E9-6DD93B0B04CC}.Release|Any CPU.ActiveCfg = Release|Any CPU
		{3EE44DA5-A082-4872-A6E9-6DD93B0B04CC}.Release|Any CPU.Build.0 = Release|Any CPU
		{450AF26D-195E-492F-BE55-11F2B66D7082}.Debug|Any CPU.ActiveCfg = Debug|Any CPU
		{450AF26D-195E-492F-BE55-11F2B66D7082}.Debug|Any CPU.Build.0 = Debug|Any CPU
		{450AF26D-195E-492F-BE55-11F2B66D7082}.Release|Any CPU.ActiveCfg = Release|Any CPU
		{450AF26D-195E-492F-BE55-11F2B66D7082}.Release|Any CPU.Build.0 = Release|Any CPU
		{DB45530D-D0A8-4D61-8B81-78A093FFFF61}.Debug|Any CPU.ActiveCfg = Debug|Any CPU
		{DB45530D-D0A8-4D61-8B81-78A093FFFF61}.Debug|Any CPU.Build.0 = Debug|Any CPU
		{DB45530D-D0A8-4D61-8B81-78A093FFFF61}.Release|Any CPU.ActiveCfg = Release|Any CPU
		{DB45530D-D0A8-4D61-8B81-78A093FFFF61}.Release|Any CPU.Build.0 = Release|Any CPU
	EndGlobalSection
	GlobalSection(SolutionProperties) = preSolution
		HideSolutionNode = FALSE
	EndGlobalSection
	GlobalSection(ExtensibilityGlobals) = postSolution
		SolutionGuid = {810AE51F-5C80-4514-AFFD-189752509AAC}
	EndGlobalSection
EndGlobal
